
Microsoft Visual Studio Solution File, Format Version 12.00
# Visual Studio Version 17
VisualStudioVersion = 17.2.32616.157
MinimumVisualStudioVersion = 10.0.40219.1
Project("{FAE04EC0-301F-11D3-BF4B-00C04F79EFBC}") = "WebApplication1", "WebApplication1\WebApplication1.csproj", "{9395DACE-49CA-488C-9221-199D372280A5}"
EndProject
Global
	GlobalSection(SolutionConfigurationPlatforms) = preSolution
		Debug|Any CPU = Debug|Any CPU
		Release|Any CPU = Release|Any CPU
	EndGlobalSection
	GlobalSection(ProjectConfigurationPlatforms) = postSolution
		{9395DACE-49CA-488C-9221-199D372280A5}.Debug|Any CPU.ActiveCfg = Debug|Any CPU
		{9395DACE-49CA-488C-9221-199D372280A5}.Debug|Any CPU.Build.0 = Debug|Any CPU
		{9395DACE-49CA-488C-9221-199D372280A5}.Release|Any CPU.ActiveCfg = Release|Any CPU
		{9395DACE-49CA-488C-9221-199D372280A5}.Release|Any CPU.Build.0 = Release|Any CPU
	EndGlobalSection
	GlobalSection(SolutionProperties) = preSolution
		HideSolutionNode = FALSE
	EndGlobalSection
	GlobalSection(ExtensibilityGlobals) = postSolution
		SolutionGuid = {72EFA1A3-FB45-4B39-9049-D338E9255864}
	EndGlobalSection
EndGlobal
