
Microsoft Visual Studio Solution File, Format Version 12.00
# Visual Studio Version 17
VisualStudioVersion = 17.2.32526.322
MinimumVisualStudioVersion = 10.0.40219.1
Project("{FAE04EC0-301F-11D3-BF4B-00C04F79EFBC}") = "WebApplication1", "WebApplication1\WebApplication1.csproj", "{0701027C-CFDE-4506-ABF7-4ED0E0EDFA21}"
EndProject
Global
	GlobalSection(SolutionConfigurationPlatforms) = preSolution
		Debug|Any CPU = Debug|Any CPU
		Release|Any CPU = Release|Any CPU
	EndGlobalSection
	GlobalSection(ProjectConfigurationPlatforms) = postSolution
		{0701027C-CFDE-4506-ABF7-4ED0E0EDFA21}.Debug|Any CPU.ActiveCfg = Debug|Any CPU
		{0701027C-CFDE-4506-ABF7-4ED0E0EDFA21}.Debug|Any CPU.Build.0 = Debug|Any CPU
		{0701027C-CFDE-4506-ABF7-4ED0E0EDFA21}.Release|Any CPU.ActiveCfg = Release|Any CPU
		{0701027C-CFDE-4506-ABF7-4ED0E0EDFA21}.Release|Any CPU.Build.0 = Release|Any CPU
	EndGlobalSection
	GlobalSection(SolutionProperties) = preSolution
		HideSolutionNode = FALSE
	EndGlobalSection
	GlobalSection(ExtensibilityGlobals) = postSolution
		SolutionGuid = {845CE1A2-A997-46EA-9A9D-B6C6B9F86994}
	EndGlobalSection
EndGlobal
